
Microsoft Visual Studio Solution File, Format Version 12.00
# Visual Studio 15
VisualStudioVersion = 15.0.28307.1231
MinimumVisualStudioVersion = 10.0.40219.1
Project("{FAE04EC0-301F-11D3-BF4B-00C04F79EFBC}") = "DemoFPT", "DemoFPT\DemoFPT.csproj", "{C854C52D-7B93-4CC4-8C9C-920D678E3589}"
EndProject
Global
	GlobalSection(SolutionConfigurationPlatforms) = preSolution
		Debug|Any CPU = Debug|Any CPU
		Release|Any CPU = Release|Any CPU
	EndGlobalSection
	GlobalSection(ProjectConfigurationPlatforms) = postSolution
		{C854C52D-7B93-4CC4-8C9C-920D678E3589}.Debug|Any CPU.ActiveCfg = Debug|Any CPU
		{C854C52D-7B93-4CC4-8C9C-920D678E3589}.Debug|Any CPU.Build.0 = Debug|Any CPU
		{C854C52D-7B93-4CC4-8C9C-920D678E3589}.Release|Any CPU.ActiveCfg = Release|Any CPU
		{C854C52D-7B93-4CC4-8C9C-920D678E3589}.Release|Any CPU.Build.0 = Release|Any CPU
	EndGlobalSection
	GlobalSection(SolutionProperties) = preSolution
		HideSolutionNode = FALSE
	EndGlobalSection
	GlobalSection(ExtensibilityGlobals) = postSolution
		SolutionGuid = {9F0AA777-1CB9-4A45-AF14-D7F52BAFBC4E}
	EndGlobalSection
EndGlobal
